{
  "name": "HotPlex",
  "lockfileVersion": 3,
  "requires": true,
  "packages": {
    "": {
      "dependencies": {
        "oh-my-opencode-darwin-arm64": "^3.8.2"
      }
    },
    "node_modules/oh-my-opencode-darwin-arm64": {
      "version": "3.8.2",
      "resolved": "https://registry.npmjs.org/oh-my-opencode-darwin-arm64/-/oh-my-opencode-darwin-arm64-3.8.2.tgz",
      "integrity": "sha512-Kb80rdayNn3DWcLOz9HRY3miww3dr0vI4c5WLctAI0oASv8Iye77NR3Dm596YsCGKls4aqkY5CARU9cB6woiFw==",
      "cpu": [
        "arm64"
      ],
      "license": "MIT",
      "os": [
        "darwin"
      ],
      "bin": {
        "oh-my-opencode": "bin/oh-my-opencode"
      }
    }
  }
}
